
Microsoft Visual Studio Solution File, Format Version 12.00
# Visual Studio 2012
Project("{FAE04EC0-301F-11D3-BF4B-00C04F79EFBC}") = "01. SquareRoot", "01. SquareRoot\01. SquareRoot.csproj", "{81AE9BE8-20DC-426B-BC01-B3A6DFF99C7F}"
EndProject
Project("{FAE04EC0-301F-11D3-BF4B-00C04F79EFBC}") = "02. ReadNumbers", "02. ReadNumbers\02. ReadNumbers.csproj", "{6329E86D-2257-4690-8641-2A9C11FD04D3}"
EndProject
Project("{FAE04EC0-301F-11D3-BF4B-00C04F79EFBC}") = "03. PrintFileContents", "03. PrintFileContents\03. PrintFileContents.csproj", "{B7F6D16A-74E2-4E1D-9D14-1CFF9FE4610E}"
EndProject
Project("{FAE04EC0-301F-11D3-BF4B-00C04F79EFBC}") = "04. DownloadFile", "04. DownloadFile\04. DownloadFile.csproj", "{04E16C8F-E9F8-4D10-A32B-775C735FD30D}"
EndProject
Global
	GlobalSection(SolutionConfigurationPlatforms) = preSolution
		Debug|Any CPU = Debug|Any CPU
		Release|Any CPU = Release|Any CPU
	EndGlobalSection
	GlobalSection(ProjectConfigurationPlatforms) = postSolution
		{81AE9BE8-20DC-426B-BC01-B3A6DFF99C7F}.Debug|Any CPU.ActiveCfg = Debug|Any CPU
		{81AE9BE8-20DC-426B-BC01-B3A6DFF99C7F}.Debug|Any CPU.Build.0 = Debug|Any CPU
		{81AE9BE8-20DC-426B-BC01-B3A6DFF99C7F}.Release|Any CPU.ActiveCfg = Release|Any CPU
		{81AE9BE8-20DC-426B-BC01-B3A6DFF99C7F}.Release|Any CPU.Build.0 = Release|Any CPU
		{6329E86D-2257-4690-8641-2A9C11FD04D3}.Debug|Any CPU.ActiveCfg = Debug|Any CPU
		{6329E86D-2257-4690-8641-2A9C11FD04D3}.Debug|Any CPU.Build.0 = Debug|Any CPU
		{6329E86D-2257-4690-8641-2A9C11FD04D3}.Release|Any CPU.ActiveCfg = Release|Any CPU
		{6329E86D-2257-4690-8641-2A9C11FD04D3}.Release|Any CPU.Build.0 = Release|Any CPU
		{B7F6D16A-74E2-4E1D-9D14-1CFF9FE4610E}.Debug|Any CPU.ActiveCfg = Debug|Any CPU
		{B7F6D16A-74E2-4E1D-9D14-1CFF9FE4610E}.Debug|Any CPU.Build.0 = Debug|Any CPU
		{B7F6D16A-74E2-4E1D-9D14-1CFF9FE4610E}.Release|Any CPU.ActiveCfg = Release|Any CPU
		{B7F6D16A-74E2-4E1D-9D14-1CFF9FE4610E}.Release|Any CPU.Build.0 = Release|Any CPU
		{04E16C8F-E9F8-4D10-A32B-775C735FD30D}.Debug|Any CPU.ActiveCfg = Debug|Any CPU
		{04E16C8F-E9F8-4D10-A32B-775C735FD30D}.Debug|Any CPU.Build.0 = Debug|Any CPU
		{04E16C8F-E9F8-4D10-A32B-775C735FD30D}.Release|Any CPU.ActiveCfg = Release|Any CPU
		{04E16C8F-E9F8-4D10-A32B-775C735FD30D}.Release|Any CPU.Build.0 = Release|Any CPU
	EndGlobalSection
	GlobalSection(SolutionProperties) = preSolution
		HideSolutionNode = FALSE
	EndGlobalSection
EndGlobal
