
Microsoft Visual Studio Solution File, Format Version 12.00
# Visual Studio 2012
Project("{FAE04EC0-301F-11D3-BF4B-00C04F79EFBC}") = "01. School", "01. School\01. School.csproj", "{CE65C7D5-63CD-4201-977E-EB39C3436CDD}"
EndProject
Project("{FAE04EC0-301F-11D3-BF4B-00C04F79EFBC}") = "02. People", "02. People\02. People.csproj", "{2B36389D-FBA8-4676-A221-B42D3511D651}"
EndProject
Project("{FAE04EC0-301F-11D3-BF4B-00C04F79EFBC}") = "03. Animals", "03. Animals\03. Animals.csproj", "{D55BEA0A-A40F-4723-B992-B02836F70D55}"
EndProject
Project("{FAE04EC0-301F-11D3-BF4B-00C04F79EFBC}") = "01. SchoolDemo", "01. SchoolDemo\01. SchoolDemo.csproj", "{A7F9E143-4EA4-48DF-831D-9E5C5D7B248D}"
EndProject
Project("{FAE04EC0-301F-11D3-BF4B-00C04F79EFBC}") = "02. PeopleDemo", "02. PeopleDemo\02. PeopleDemo.csproj", "{ED819173-53D2-479E-BE8A-1F5ACBB19150}"
EndProject
Project("{FAE04EC0-301F-11D3-BF4B-00C04F79EFBC}") = "03. AnimalsDemo", "03. AnimalsDemo\03. AnimalsDemo.csproj", "{9C3A78E3-3C02-42FE-871D-D4B4ADD642C6}"
EndProject
Project("{FAE04EC0-301F-11D3-BF4B-00C04F79EFBC}") = "01. SchoolUnitTests", "01. SchoolUnitTests\01. SchoolUnitTests.csproj", "{D3F0846E-2709-4AA2-81E3-9F35906C05FF}"
EndProject
Project("{FAE04EC0-301F-11D3-BF4B-00C04F79EFBC}") = "02. PeopleUnitTests", "02. PeopleUnitTests\02. PeopleUnitTests.csproj", "{17104C40-9804-4AD5-A4F3-699F8E57E67C}"
EndProject
Project("{FAE04EC0-301F-11D3-BF4B-00C04F79EFBC}") = "03. AnimalsUnitTests", "03. AnimalsUnitTests\03. AnimalsUnitTests.csproj", "{ADA7D4CC-C67B-4E23-B6EF-818D187DBD0A}"
EndProject
Global
	GlobalSection(SolutionConfigurationPlatforms) = preSolution
		Debug|Any CPU = Debug|Any CPU
		Release|Any CPU = Release|Any CPU
	EndGlobalSection
	GlobalSection(ProjectConfigurationPlatforms) = postSolution
		{CE65C7D5-63CD-4201-977E-EB39C3436CDD}.Debug|Any CPU.ActiveCfg = Debug|Any CPU
		{CE65C7D5-63CD-4201-977E-EB39C3436CDD}.Debug|Any CPU.Build.0 = Debug|Any CPU
		{CE65C7D5-63CD-4201-977E-EB39C3436CDD}.Release|Any CPU.ActiveCfg = Release|Any CPU
		{CE65C7D5-63CD-4201-977E-EB39C3436CDD}.Release|Any CPU.Build.0 = Release|Any CPU
		{2B36389D-FBA8-4676-A221-B42D3511D651}.Debug|Any CPU.ActiveCfg = Debug|Any CPU
		{2B36389D-FBA8-4676-A221-B42D3511D651}.Debug|Any CPU.Build.0 = Debug|Any CPU
		{2B36389D-FBA8-4676-A221-B42D3511D651}.Release|Any CPU.ActiveCfg = Release|Any CPU
		{2B36389D-FBA8-4676-A221-B42D3511D651}.Release|Any CPU.Build.0 = Release|Any CPU
		{D55BEA0A-A40F-4723-B992-B02836F70D55}.Debug|Any CPU.ActiveCfg = Debug|Any CPU
		{D55BEA0A-A40F-4723-B992-B02836F70D55}.Debug|Any CPU.Build.0 = Debug|Any CPU
		{D55BEA0A-A40F-4723-B992-B02836F70D55}.Release|Any CPU.ActiveCfg = Release|Any CPU
		{D55BEA0A-A40F-4723-B992-B02836F70D55}.Release|Any CPU.Build.0 = Release|Any CPU
		{A7F9E143-4EA4-48DF-831D-9E5C5D7B248D}.Debug|Any CPU.ActiveCfg = Debug|Any CPU
		{A7F9E143-4EA4-48DF-831D-9E5C5D7B248D}.Debug|Any CPU.Build.0 = Debug|Any CPU
		{A7F9E143-4EA4-48DF-831D-9E5C5D7B248D}.Release|Any CPU.ActiveCfg = Release|Any CPU
		{A7F9E143-4EA4-48DF-831D-9E5C5D7B248D}.Release|Any CPU.Build.0 = Release|Any CPU
		{ED819173-53D2-479E-BE8A-1F5ACBB19150}.Debug|Any CPU.ActiveCfg = Debug|Any CPU
		{ED819173-53D2-479E-BE8A-1F5ACBB19150}.Debug|Any CPU.Build.0 = Debug|Any CPU
		{ED819173-53D2-479E-BE8A-1F5ACBB19150}.Release|Any CPU.ActiveCfg = Release|Any CPU
		{ED819173-53D2-479E-BE8A-1F5ACBB19150}.Release|Any CPU.Build.0 = Release|Any CPU
		{9C3A78E3-3C02-42FE-871D-D4B4ADD642C6}.Debug|Any CPU.ActiveCfg = Debug|Any CPU
		{9C3A78E3-3C02-42FE-871D-D4B4ADD642C6}.Debug|Any CPU.Build.0 = Debug|Any CPU
		{9C3A78E3-3C02-42FE-871D-D4B4ADD642C6}.Release|Any CPU.ActiveCfg = Release|Any CPU
		{9C3A78E3-3C02-42FE-871D-D4B4ADD642C6}.Release|Any CPU.Build.0 = Release|Any CPU
		{D3F0846E-2709-4AA2-81E3-9F35906C05FF}.Debug|Any CPU.ActiveCfg = Debug|Any CPU
		{D3F0846E-2709-4AA2-81E3-9F35906C05FF}.Debug|Any CPU.Build.0 = Debug|Any CPU
		{D3F0846E-2709-4AA2-81E3-9F35906C05FF}.Release|Any CPU.ActiveCfg = Release|Any CPU
		{D3F0846E-2709-4AA2-81E3-9F35906C05FF}.Release|Any CPU.Build.0 = Release|Any CPU
		{17104C40-9804-4AD5-A4F3-699F8E57E67C}.Debug|Any CPU.ActiveCfg = Debug|Any CPU
		{17104C40-9804-4AD5-A4F3-699F8E57E67C}.Debug|Any CPU.Build.0 = Debug|Any CPU
		{17104C40-9804-4AD5-A4F3-699F8E57E67C}.Release|Any CPU.ActiveCfg = Release|Any CPU
		{17104C40-9804-4AD5-A4F3-699F8E57E67C}.Release|Any CPU.Build.0 = Release|Any CPU
		{ADA7D4CC-C67B-4E23-B6EF-818D187DBD0A}.Debug|Any CPU.ActiveCfg = Debug|Any CPU
		{ADA7D4CC-C67B-4E23-B6EF-818D187DBD0A}.Debug|Any CPU.Build.0 = Debug|Any CPU
		{ADA7D4CC-C67B-4E23-B6EF-818D187DBD0A}.Release|Any CPU.ActiveCfg = Release|Any CPU
		{ADA7D4CC-C67B-4E23-B6EF-818D187DBD0A}.Release|Any CPU.Build.0 = Release|Any CPU
	EndGlobalSection
	GlobalSection(SolutionProperties) = preSolution
		HideSolutionNode = FALSE
	EndGlobalSection
EndGlobal
