
Microsoft Visual Studio Solution File, Format Version 12.00
# Visual Studio 2012
Project("{FAE04EC0-301F-11D3-BF4B-00C04F79EFBC}") = "01. ConsolePrinterDemo", "01. ConsolePrinterDemo\01. ConsolePrinterDemo.csproj", "{61464CEC-47CF-4270-83C4-E273A744CDD8}"
EndProject
Project("{FAE04EC0-301F-11D3-BF4B-00C04F79EFBC}") = "02. PersonFactoryDemo", "02. PersonFactoryDemo\02. PersonFactoryDemo.csproj", "{AD1F564D-DF5E-4A8C-A1B8-995FFADB7786}"
EndProject
Project("{FAE04EC0-301F-11D3-BF4B-00C04F79EFBC}") = "03. JavaScriptRefactoring", "03. JavaScriptRefactoring\03. JavaScriptRefactoring.csproj", "{0436970F-736A-49C0-B464-5A6F4DCEE1C5}"
EndProject
Project("{FAE04EC0-301F-11D3-BF4B-00C04F79EFBC}") = "04. JustMinesweeper", "04. JustMinesweeper\04. JustMinesweeper.csproj", "{26AD56A8-BF5A-4074-AFBF-B49E4219D567}"
EndProject
Global
	GlobalSection(SolutionConfigurationPlatforms) = preSolution
		Debug|Any CPU = Debug|Any CPU
		Release|Any CPU = Release|Any CPU
	EndGlobalSection
	GlobalSection(ProjectConfigurationPlatforms) = postSolution
		{61464CEC-47CF-4270-83C4-E273A744CDD8}.Debug|Any CPU.ActiveCfg = Debug|Any CPU
		{61464CEC-47CF-4270-83C4-E273A744CDD8}.Debug|Any CPU.Build.0 = Debug|Any CPU
		{61464CEC-47CF-4270-83C4-E273A744CDD8}.Release|Any CPU.ActiveCfg = Release|Any CPU
		{61464CEC-47CF-4270-83C4-E273A744CDD8}.Release|Any CPU.Build.0 = Release|Any CPU
		{AD1F564D-DF5E-4A8C-A1B8-995FFADB7786}.Debug|Any CPU.ActiveCfg = Debug|Any CPU
		{AD1F564D-DF5E-4A8C-A1B8-995FFADB7786}.Debug|Any CPU.Build.0 = Debug|Any CPU
		{AD1F564D-DF5E-4A8C-A1B8-995FFADB7786}.Release|Any CPU.ActiveCfg = Release|Any CPU
		{AD1F564D-DF5E-4A8C-A1B8-995FFADB7786}.Release|Any CPU.Build.0 = Release|Any CPU
		{0436970F-736A-49C0-B464-5A6F4DCEE1C5}.Debug|Any CPU.ActiveCfg = Debug|Any CPU
		{0436970F-736A-49C0-B464-5A6F4DCEE1C5}.Debug|Any CPU.Build.0 = Debug|Any CPU
		{0436970F-736A-49C0-B464-5A6F4DCEE1C5}.Release|Any CPU.ActiveCfg = Release|Any CPU
		{0436970F-736A-49C0-B464-5A6F4DCEE1C5}.Release|Any CPU.Build.0 = Release|Any CPU
		{26AD56A8-BF5A-4074-AFBF-B49E4219D567}.Debug|Any CPU.ActiveCfg = Debug|Any CPU
		{26AD56A8-BF5A-4074-AFBF-B49E4219D567}.Debug|Any CPU.Build.0 = Debug|Any CPU
		{26AD56A8-BF5A-4074-AFBF-B49E4219D567}.Release|Any CPU.ActiveCfg = Release|Any CPU
		{26AD56A8-BF5A-4074-AFBF-B49E4219D567}.Release|Any CPU.Build.0 = Release|Any CPU
	EndGlobalSection
	GlobalSection(SolutionProperties) = preSolution
		HideSolutionNode = FALSE
	EndGlobalSection
EndGlobal
