
Microsoft Visual Studio Solution File, Format Version 12.00
# Visual Studio 2013
VisualStudioVersion = 12.0.20827.3
MinimumVisualStudioVersion = 10.0.40219.1
Project("{FAE04EC0-301F-11D3-BF4B-00C04F79EFBC}") = "01. Library.WebClient", "01. Library.WebClient\01. Library.WebClient.csproj", "{4926641F-504F-415F-84BF-2CC4CA6EA726}"
EndProject
Project("{FAE04EC0-301F-11D3-BF4B-00C04F79EFBC}") = "01. Library.Services", "01. Library.Services\01. Library.Services.csproj", "{95B16B08-DA7E-4F84-9113-FF955D69DF72}"
EndProject
Project("{2150E333-8FDC-42A3-9474-1A3956D46DE8}") = ".nuget", ".nuget", "{94220159-6703-446A-8010-0B623FD2BD1F}"
	ProjectSection(SolutionItems) = preProject
		.nuget\NuGet.Config = .nuget\NuGet.Config
		.nuget\NuGet.exe = .nuget\NuGet.exe
		.nuget\NuGet.targets = .nuget\NuGet.targets
	EndProjectSection
EndProject
Project("{FAE04EC0-301F-11D3-BF4B-00C04F79EFBC}") = "01. Library.Data", "01. Library.Data\01. Library.Data.csproj", "{D490F118-C5A1-40CA-A5B0-36990A523586}"
EndProject
Project("{FAE04EC0-301F-11D3-BF4B-00C04F79EFBC}") = "01. Library.Models", "01. Library.Models\01. Library.Models.csproj", "{88EE7806-1D27-4A2F-B4C2-D8A0488684AB}"
EndProject
Project("{FAE04EC0-301F-11D3-BF4B-00C04F79EFBC}") = "02. Todos", "02. Todos\02. Todos.csproj", "{4397BBCC-1081-4289-A6D4-83151920005A}"
EndProject
Global
	GlobalSection(SolutionConfigurationPlatforms) = preSolution
		Debug|Any CPU = Debug|Any CPU
		Release|Any CPU = Release|Any CPU
	EndGlobalSection
	GlobalSection(ProjectConfigurationPlatforms) = postSolution
		{4926641F-504F-415F-84BF-2CC4CA6EA726}.Debug|Any CPU.ActiveCfg = Debug|Any CPU
		{4926641F-504F-415F-84BF-2CC4CA6EA726}.Debug|Any CPU.Build.0 = Debug|Any CPU
		{4926641F-504F-415F-84BF-2CC4CA6EA726}.Release|Any CPU.ActiveCfg = Release|Any CPU
		{4926641F-504F-415F-84BF-2CC4CA6EA726}.Release|Any CPU.Build.0 = Release|Any CPU
		{95B16B08-DA7E-4F84-9113-FF955D69DF72}.Debug|Any CPU.ActiveCfg = Debug|Any CPU
		{95B16B08-DA7E-4F84-9113-FF955D69DF72}.Debug|Any CPU.Build.0 = Debug|Any CPU
		{95B16B08-DA7E-4F84-9113-FF955D69DF72}.Release|Any CPU.ActiveCfg = Release|Any CPU
		{95B16B08-DA7E-4F84-9113-FF955D69DF72}.Release|Any CPU.Build.0 = Release|Any CPU
		{D490F118-C5A1-40CA-A5B0-36990A523586}.Debug|Any CPU.ActiveCfg = Debug|Any CPU
		{D490F118-C5A1-40CA-A5B0-36990A523586}.Debug|Any CPU.Build.0 = Debug|Any CPU
		{D490F118-C5A1-40CA-A5B0-36990A523586}.Release|Any CPU.ActiveCfg = Release|Any CPU
		{D490F118-C5A1-40CA-A5B0-36990A523586}.Release|Any CPU.Build.0 = Release|Any CPU
		{88EE7806-1D27-4A2F-B4C2-D8A0488684AB}.Debug|Any CPU.ActiveCfg = Debug|Any CPU
		{88EE7806-1D27-4A2F-B4C2-D8A0488684AB}.Debug|Any CPU.Build.0 = Debug|Any CPU
		{88EE7806-1D27-4A2F-B4C2-D8A0488684AB}.Release|Any CPU.ActiveCfg = Release|Any CPU
		{88EE7806-1D27-4A2F-B4C2-D8A0488684AB}.Release|Any CPU.Build.0 = Release|Any CPU
		{4397BBCC-1081-4289-A6D4-83151920005A}.Debug|Any CPU.ActiveCfg = Debug|Any CPU
		{4397BBCC-1081-4289-A6D4-83151920005A}.Debug|Any CPU.Build.0 = Debug|Any CPU
		{4397BBCC-1081-4289-A6D4-83151920005A}.Release|Any CPU.ActiveCfg = Release|Any CPU
		{4397BBCC-1081-4289-A6D4-83151920005A}.Release|Any CPU.Build.0 = Release|Any CPU
	EndGlobalSection
	GlobalSection(SolutionProperties) = preSolution
		HideSolutionNode = FALSE
	EndGlobalSection
EndGlobal
