
Microsoft Visual Studio Solution File, Format Version 12.00
# Visual Studio 2013
VisualStudioVersion = 12.0.20827.3
MinimumVisualStudioVersion = 10.0.40219.1
Project("{FAE04EC0-301F-11D3-BF4B-00C04F79EFBC}") = "MarsRover", "MarsRover\MarsRover.csproj", "{CBA1CD57-171F-4262-85BD-8C9B65F497B4}"
EndProject
Project("{FAE04EC0-301F-11D3-BF4B-00C04F79EFBC}") = "MarsRoverTests", "MarsRoverTests\MarsRoverTests.csproj", "{0E02128A-6A94-4CB3-8EBA-0985C1E31B7B}"
EndProject
Project("{2150E333-8FDC-42A3-9474-1A3956D46DE8}") = "Solution Items", "Solution Items", "{756C4FB2-663A-4F12-BA65-7F862594BF4F}"
	ProjectSection(SolutionItems) = preProject
		Docs\MarsRover.doc = Docs\MarsRover.doc
	EndProjectSection
EndProject
Global
	GlobalSection(SolutionConfigurationPlatforms) = preSolution
		Debug|Any CPU = Debug|Any CPU
		Release|Any CPU = Release|Any CPU
	EndGlobalSection
	GlobalSection(ProjectConfigurationPlatforms) = postSolution
		{CBA1CD57-171F-4262-85BD-8C9B65F497B4}.Debug|Any CPU.ActiveCfg = Debug|Any CPU
		{CBA1CD57-171F-4262-85BD-8C9B65F497B4}.Debug|Any CPU.Build.0 = Debug|Any CPU
		{CBA1CD57-171F-4262-85BD-8C9B65F497B4}.Release|Any CPU.ActiveCfg = Release|Any CPU
		{CBA1CD57-171F-4262-85BD-8C9B65F497B4}.Release|Any CPU.Build.0 = Release|Any CPU
		{0E02128A-6A94-4CB3-8EBA-0985C1E31B7B}.Debug|Any CPU.ActiveCfg = Debug|Any CPU
		{0E02128A-6A94-4CB3-8EBA-0985C1E31B7B}.Debug|Any CPU.Build.0 = Debug|Any CPU
		{0E02128A-6A94-4CB3-8EBA-0985C1E31B7B}.Release|Any CPU.ActiveCfg = Release|Any CPU
		{0E02128A-6A94-4CB3-8EBA-0985C1E31B7B}.Release|Any CPU.Build.0 = Release|Any CPU
	EndGlobalSection
	GlobalSection(SolutionProperties) = preSolution
		HideSolutionNode = FALSE
	EndGlobalSection
EndGlobal
