
Microsoft Visual Studio Solution File, Format Version 12.00
# Visual Studio 2012
Project("{FAE04EC0-301F-11D3-BF4B-00C04F79EFBC}") = "3. Conditional Statements", "3. Conditional Statements\3. Conditional Statements.csproj", "{70B2AC05-00DB-42F7-9AB3-857E31B8A19C}"
EndProject
Global
	GlobalSection(SolutionConfigurationPlatforms) = preSolution
		Debug|Any CPU = Debug|Any CPU
		Release|Any CPU = Release|Any CPU
	EndGlobalSection
	GlobalSection(ProjectConfigurationPlatforms) = postSolution
		{70B2AC05-00DB-42F7-9AB3-857E31B8A19C}.Debug|Any CPU.ActiveCfg = Debug|Any CPU
		{70B2AC05-00DB-42F7-9AB3-857E31B8A19C}.Debug|Any CPU.Build.0 = Debug|Any CPU
		{70B2AC05-00DB-42F7-9AB3-857E31B8A19C}.Release|Any CPU.ActiveCfg = Release|Any CPU
		{70B2AC05-00DB-42F7-9AB3-857E31B8A19C}.Release|Any CPU.Build.0 = Release|Any CPU
	EndGlobalSection
	GlobalSection(SolutionProperties) = preSolution
		HideSolutionNode = FALSE
	EndGlobalSection
EndGlobal
