
Microsoft Visual Studio Solution File, Format Version 12.00
# Visual Studio 2012
Project("{FAE04EC0-301F-11D3-BF4B-00C04F79EFBC}") = "01. DayOfWeekInBGService", "01. DayOfWeekInBGService\01. DayOfWeekInBGService.csproj", "{CE5C8E7E-65BB-4DB4-9802-5D55785E9527}"
EndProject
Project("{FAE04EC0-301F-11D3-BF4B-00C04F79EFBC}") = "02. DayOfWeekInBGService.Client", "02. DayOfWeekInBGService.Client\02. DayOfWeekInBGService.Client.csproj", "{1812EEBB-EC75-4188-81ED-BBFB344967CA}"
	ProjectSection(ProjectDependencies) = postProject
		{CE5C8E7E-65BB-4DB4-9802-5D55785E9527} = {CE5C8E7E-65BB-4DB4-9802-5D55785E9527}
	EndProjectSection
EndProject
Project("{FAE04EC0-301F-11D3-BF4B-00C04F79EFBC}") = "03. StringOccurrencesServiceLibrary", "03. StringOccurrencesServiceLibrary\03. StringOccurrencesServiceLibrary.csproj", "{15B3E0D2-6217-493A-A690-158C497F5318}"
EndProject
Project("{FAE04EC0-301F-11D3-BF4B-00C04F79EFBC}") = "04. StringOccurrencesService", "04. StringOccurrencesService\04. StringOccurrencesService.csproj", "{58C2F383-3C8C-414E-9A22-B09C27F1C305}"
EndProject
Project("{FAE04EC0-301F-11D3-BF4B-00C04F79EFBC}") = "05. StringOccurrencesService.Client", "05. StringOccurrencesService.Client\05. StringOccurrencesService.Client.csproj", "{3D86B557-38F1-4816-9F78-30612BA8E200}"
EndProject
Project("{FAE04EC0-301F-11D3-BF4B-00C04F79EFBC}") = "06. StringOccurrencesService.WebClient", "06. StringOccurrencesService.WebClient\06. StringOccurrencesService.WebClient.csproj", "{0B53F469-CD9F-49E5-8D6E-1C2D2BAD0D38}"
	ProjectSection(ProjectDependencies) = postProject
		{15B3E0D2-6217-493A-A690-158C497F5318} = {15B3E0D2-6217-493A-A690-158C497F5318}
	EndProjectSection
EndProject
Global
	GlobalSection(SolutionConfigurationPlatforms) = preSolution
		Debug|Any CPU = Debug|Any CPU
		Release|Any CPU = Release|Any CPU
	EndGlobalSection
	GlobalSection(ProjectConfigurationPlatforms) = postSolution
		{CE5C8E7E-65BB-4DB4-9802-5D55785E9527}.Debug|Any CPU.ActiveCfg = Debug|Any CPU
		{CE5C8E7E-65BB-4DB4-9802-5D55785E9527}.Debug|Any CPU.Build.0 = Debug|Any CPU
		{CE5C8E7E-65BB-4DB4-9802-5D55785E9527}.Release|Any CPU.ActiveCfg = Release|Any CPU
		{CE5C8E7E-65BB-4DB4-9802-5D55785E9527}.Release|Any CPU.Build.0 = Release|Any CPU
		{1812EEBB-EC75-4188-81ED-BBFB344967CA}.Debug|Any CPU.ActiveCfg = Debug|Any CPU
		{1812EEBB-EC75-4188-81ED-BBFB344967CA}.Debug|Any CPU.Build.0 = Debug|Any CPU
		{1812EEBB-EC75-4188-81ED-BBFB344967CA}.Release|Any CPU.ActiveCfg = Release|Any CPU
		{1812EEBB-EC75-4188-81ED-BBFB344967CA}.Release|Any CPU.Build.0 = Release|Any CPU
		{15B3E0D2-6217-493A-A690-158C497F5318}.Debug|Any CPU.ActiveCfg = Debug|Any CPU
		{15B3E0D2-6217-493A-A690-158C497F5318}.Debug|Any CPU.Build.0 = Debug|Any CPU
		{15B3E0D2-6217-493A-A690-158C497F5318}.Release|Any CPU.ActiveCfg = Release|Any CPU
		{15B3E0D2-6217-493A-A690-158C497F5318}.Release|Any CPU.Build.0 = Release|Any CPU
		{58C2F383-3C8C-414E-9A22-B09C27F1C305}.Debug|Any CPU.ActiveCfg = Debug|Any CPU
		{58C2F383-3C8C-414E-9A22-B09C27F1C305}.Debug|Any CPU.Build.0 = Debug|Any CPU
		{58C2F383-3C8C-414E-9A22-B09C27F1C305}.Release|Any CPU.ActiveCfg = Release|Any CPU
		{58C2F383-3C8C-414E-9A22-B09C27F1C305}.Release|Any CPU.Build.0 = Release|Any CPU
		{3D86B557-38F1-4816-9F78-30612BA8E200}.Debug|Any CPU.ActiveCfg = Debug|Any CPU
		{3D86B557-38F1-4816-9F78-30612BA8E200}.Debug|Any CPU.Build.0 = Debug|Any CPU
		{3D86B557-38F1-4816-9F78-30612BA8E200}.Release|Any CPU.ActiveCfg = Release|Any CPU
		{3D86B557-38F1-4816-9F78-30612BA8E200}.Release|Any CPU.Build.0 = Release|Any CPU
		{0B53F469-CD9F-49E5-8D6E-1C2D2BAD0D38}.Debug|Any CPU.ActiveCfg = Debug|Any CPU
		{0B53F469-CD9F-49E5-8D6E-1C2D2BAD0D38}.Debug|Any CPU.Build.0 = Debug|Any CPU
		{0B53F469-CD9F-49E5-8D6E-1C2D2BAD0D38}.Release|Any CPU.ActiveCfg = Release|Any CPU
		{0B53F469-CD9F-49E5-8D6E-1C2D2BAD0D38}.Release|Any CPU.Build.0 = Release|Any CPU
	EndGlobalSection
	GlobalSection(SolutionProperties) = preSolution
		HideSolutionNode = FALSE
	EndGlobalSection
EndGlobal
