
Microsoft Visual Studio Solution File, Format Version 12.00
# Visual Studio 2012
Project("{FAE04EC0-301F-11D3-BF4B-00C04F79EFBC}") = "SqlRegularExpressions", "SqlRegularExpressions\SqlRegularExpressions.csproj", "{A8B6C831-35D1-46A4-B863-64D6BA5DD932}"
EndProject
Project("{FAE04EC0-301F-11D3-BF4B-00C04F79EFBC}") = "SqlRegularExpressionsTest", "SqlRegularExpressionsTest\SqlRegularExpressionsTest.csproj", "{02D68DE1-4A47-4017-ADB9-8470F3A763EC}"
EndProject
Global
	GlobalSection(SolutionConfigurationPlatforms) = preSolution
		Debug|Any CPU = Debug|Any CPU
		Release|Any CPU = Release|Any CPU
	EndGlobalSection
	GlobalSection(ProjectConfigurationPlatforms) = postSolution
		{A8B6C831-35D1-46A4-B863-64D6BA5DD932}.Debug|Any CPU.ActiveCfg = Debug|Any CPU
		{A8B6C831-35D1-46A4-B863-64D6BA5DD932}.Debug|Any CPU.Build.0 = Debug|Any CPU
		{A8B6C831-35D1-46A4-B863-64D6BA5DD932}.Release|Any CPU.ActiveCfg = Release|Any CPU
		{A8B6C831-35D1-46A4-B863-64D6BA5DD932}.Release|Any CPU.Build.0 = Release|Any CPU
		{02D68DE1-4A47-4017-ADB9-8470F3A763EC}.Debug|Any CPU.ActiveCfg = Debug|Any CPU
		{02D68DE1-4A47-4017-ADB9-8470F3A763EC}.Debug|Any CPU.Build.0 = Debug|Any CPU
		{02D68DE1-4A47-4017-ADB9-8470F3A763EC}.Release|Any CPU.ActiveCfg = Release|Any CPU
		{02D68DE1-4A47-4017-ADB9-8470F3A763EC}.Release|Any CPU.Build.0 = Release|Any CPU
	EndGlobalSection
	GlobalSection(SolutionProperties) = preSolution
		HideSolutionNode = FALSE
	EndGlobalSection
EndGlobal
