
Microsoft Visual Studio Solution File, Format Version 12.00
# Visual Studio 2012
Project("{FAE04EC0-301F-11D3-BF4B-00C04F79EFBC}") = "01. Events", "01. Events\01. Events.csproj", "{64B59957-0086-47F4-AD69-6771A5BF487F}"
EndProject
Project("{FAE04EC0-301F-11D3-BF4B-00C04F79EFBC}") = "01. EventsDemo", "01. EventsDemo\01. EventsDemo.csproj", "{EE548CAD-DD67-4EF5-8CDD-D1A2FD85E1B7}"
EndProject
Project("{FAE04EC0-301F-11D3-BF4B-00C04F79EFBC}") = "01. JSCodeRefactoring", "01. JSCodeRefactoring\01. JSCodeRefactoring.csproj", "{CAAA2690-3B21-4B26-A2BE-4FF631820866}"
EndProject
Project("{FAE04EC0-301F-11D3-BF4B-00C04F79EFBC}") = "01. EventsUnitTests", "01. EventsUnitTests\01. EventsUnitTests.csproj", "{40815B62-5909-404F-A93F-ECDADCC73C21}"
EndProject
Global
	GlobalSection(SolutionConfigurationPlatforms) = preSolution
		Debug|Any CPU = Debug|Any CPU
		Release|Any CPU = Release|Any CPU
	EndGlobalSection
	GlobalSection(ProjectConfigurationPlatforms) = postSolution
		{64B59957-0086-47F4-AD69-6771A5BF487F}.Debug|Any CPU.ActiveCfg = Debug|Any CPU
		{64B59957-0086-47F4-AD69-6771A5BF487F}.Debug|Any CPU.Build.0 = Debug|Any CPU
		{64B59957-0086-47F4-AD69-6771A5BF487F}.Release|Any CPU.ActiveCfg = Release|Any CPU
		{64B59957-0086-47F4-AD69-6771A5BF487F}.Release|Any CPU.Build.0 = Release|Any CPU
		{EE548CAD-DD67-4EF5-8CDD-D1A2FD85E1B7}.Debug|Any CPU.ActiveCfg = Debug|Any CPU
		{EE548CAD-DD67-4EF5-8CDD-D1A2FD85E1B7}.Debug|Any CPU.Build.0 = Debug|Any CPU
		{EE548CAD-DD67-4EF5-8CDD-D1A2FD85E1B7}.Release|Any CPU.ActiveCfg = Release|Any CPU
		{EE548CAD-DD67-4EF5-8CDD-D1A2FD85E1B7}.Release|Any CPU.Build.0 = Release|Any CPU
		{CAAA2690-3B21-4B26-A2BE-4FF631820866}.Debug|Any CPU.ActiveCfg = Debug|Any CPU
		{CAAA2690-3B21-4B26-A2BE-4FF631820866}.Debug|Any CPU.Build.0 = Debug|Any CPU
		{CAAA2690-3B21-4B26-A2BE-4FF631820866}.Release|Any CPU.ActiveCfg = Release|Any CPU
		{CAAA2690-3B21-4B26-A2BE-4FF631820866}.Release|Any CPU.Build.0 = Release|Any CPU
		{40815B62-5909-404F-A93F-ECDADCC73C21}.Debug|Any CPU.ActiveCfg = Debug|Any CPU
		{40815B62-5909-404F-A93F-ECDADCC73C21}.Debug|Any CPU.Build.0 = Debug|Any CPU
		{40815B62-5909-404F-A93F-ECDADCC73C21}.Release|Any CPU.ActiveCfg = Release|Any CPU
		{40815B62-5909-404F-A93F-ECDADCC73C21}.Release|Any CPU.Build.0 = Release|Any CPU
	EndGlobalSection
	GlobalSection(SolutionProperties) = preSolution
		HideSolutionNode = FALSE
	EndGlobalSection
EndGlobal
