
Microsoft Visual Studio Solution File, Format Version 12.00
# Visual Studio 2012
Project("{FAE04EC0-301F-11D3-BF4B-00C04F79EFBC}") = "01. KnapsackProblem", "01. KnapsackProblem\01. KnapsackProblem.csproj", "{86359E7A-495D-4597-8DB9-7F365884333B}"
EndProject
Project("{FAE04EC0-301F-11D3-BF4B-00C04F79EFBC}") = "02. EditDistance", "02. EditDistance\02. EditDistance.csproj", "{389F9BC4-E386-48E9-A0D4-4A3A6F5BA6E8}"
EndProject
Global
	GlobalSection(SolutionConfigurationPlatforms) = preSolution
		Debug|Any CPU = Debug|Any CPU
		Release|Any CPU = Release|Any CPU
	EndGlobalSection
	GlobalSection(ProjectConfigurationPlatforms) = postSolution
		{86359E7A-495D-4597-8DB9-7F365884333B}.Debug|Any CPU.ActiveCfg = Debug|Any CPU
		{86359E7A-495D-4597-8DB9-7F365884333B}.Debug|Any CPU.Build.0 = Debug|Any CPU
		{86359E7A-495D-4597-8DB9-7F365884333B}.Release|Any CPU.ActiveCfg = Release|Any CPU
		{86359E7A-495D-4597-8DB9-7F365884333B}.Release|Any CPU.Build.0 = Release|Any CPU
		{389F9BC4-E386-48E9-A0D4-4A3A6F5BA6E8}.Debug|Any CPU.ActiveCfg = Debug|Any CPU
		{389F9BC4-E386-48E9-A0D4-4A3A6F5BA6E8}.Debug|Any CPU.Build.0 = Debug|Any CPU
		{389F9BC4-E386-48E9-A0D4-4A3A6F5BA6E8}.Release|Any CPU.ActiveCfg = Release|Any CPU
		{389F9BC4-E386-48E9-A0D4-4A3A6F5BA6E8}.Release|Any CPU.Build.0 = Release|Any CPU
	EndGlobalSection
	GlobalSection(SolutionProperties) = preSolution
		HideSolutionNode = FALSE
	EndGlobalSection
EndGlobal
