
Microsoft Visual Studio Solution File, Format Version 12.00
# Visual Studio 2012
Project("{FAE04EC0-301F-11D3-BF4B-00C04F79EFBC}") = "01. GeometryUtils", "01. GeometryUtils\01. GeometryUtils.csproj", "{845DB217-CA5B-41B9-BEAB-8A1A7346C8FF}"
EndProject
Project("{FAE04EC0-301F-11D3-BF4B-00C04F79EFBC}") = "01. GeometryUtilsDemo", "01. GeometryUtilsDemo\01. GeometryUtilsDemo.csproj", "{5A390C51-96F2-4A3E-B9BC-1FF65863D077}"
EndProject
Project("{FAE04EC0-301F-11D3-BF4B-00C04F79EFBC}") = "02. Statistics", "02. Statistics\02. Statistics.csproj", "{67B0FEA4-57B6-4600-A1D3-D5BF341A7AD2}"
EndProject
Project("{FAE04EC0-301F-11D3-BF4B-00C04F79EFBC}") = "02. StatisticsDemo", "02. StatisticsDemo\02. StatisticsDemo.csproj", "{0A3CB2F4-4C36-4A18-9B8E-DD3B7331AEDF}"
EndProject
Global
	GlobalSection(SolutionConfigurationPlatforms) = preSolution
		Debug|Any CPU = Debug|Any CPU
		Release|Any CPU = Release|Any CPU
	EndGlobalSection
	GlobalSection(ProjectConfigurationPlatforms) = postSolution
		{845DB217-CA5B-41B9-BEAB-8A1A7346C8FF}.Debug|Any CPU.ActiveCfg = Debug|Any CPU
		{845DB217-CA5B-41B9-BEAB-8A1A7346C8FF}.Debug|Any CPU.Build.0 = Debug|Any CPU
		{845DB217-CA5B-41B9-BEAB-8A1A7346C8FF}.Release|Any CPU.ActiveCfg = Release|Any CPU
		{845DB217-CA5B-41B9-BEAB-8A1A7346C8FF}.Release|Any CPU.Build.0 = Release|Any CPU
		{5A390C51-96F2-4A3E-B9BC-1FF65863D077}.Debug|Any CPU.ActiveCfg = Debug|Any CPU
		{5A390C51-96F2-4A3E-B9BC-1FF65863D077}.Debug|Any CPU.Build.0 = Debug|Any CPU
		{5A390C51-96F2-4A3E-B9BC-1FF65863D077}.Release|Any CPU.ActiveCfg = Release|Any CPU
		{5A390C51-96F2-4A3E-B9BC-1FF65863D077}.Release|Any CPU.Build.0 = Release|Any CPU
		{67B0FEA4-57B6-4600-A1D3-D5BF341A7AD2}.Debug|Any CPU.ActiveCfg = Debug|Any CPU
		{67B0FEA4-57B6-4600-A1D3-D5BF341A7AD2}.Debug|Any CPU.Build.0 = Debug|Any CPU
		{67B0FEA4-57B6-4600-A1D3-D5BF341A7AD2}.Release|Any CPU.ActiveCfg = Release|Any CPU
		{67B0FEA4-57B6-4600-A1D3-D5BF341A7AD2}.Release|Any CPU.Build.0 = Release|Any CPU
		{0A3CB2F4-4C36-4A18-9B8E-DD3B7331AEDF}.Debug|Any CPU.ActiveCfg = Debug|Any CPU
		{0A3CB2F4-4C36-4A18-9B8E-DD3B7331AEDF}.Debug|Any CPU.Build.0 = Debug|Any CPU
		{0A3CB2F4-4C36-4A18-9B8E-DD3B7331AEDF}.Release|Any CPU.ActiveCfg = Release|Any CPU
		{0A3CB2F4-4C36-4A18-9B8E-DD3B7331AEDF}.Release|Any CPU.Build.0 = Release|Any CPU
	EndGlobalSection
	GlobalSection(SolutionProperties) = preSolution
		HideSolutionNode = FALSE
	EndGlobalSection
EndGlobal
