
Microsoft Visual Studio Solution File, Format Version 12.00
# Visual Studio 2012
Project("{FAE04EC0-301F-11D3-BF4B-00C04F79EFBC}") = "8. Strings", "8. Strings\8. Strings.csproj", "{A66A1A42-B7BF-49A6-B396-5B7E0594E2B4}"
EndProject
Global
	GlobalSection(SolutionConfigurationPlatforms) = preSolution
		Debug|Any CPU = Debug|Any CPU
		Release|Any CPU = Release|Any CPU
	EndGlobalSection
	GlobalSection(ProjectConfigurationPlatforms) = postSolution
		{A66A1A42-B7BF-49A6-B396-5B7E0594E2B4}.Debug|Any CPU.ActiveCfg = Debug|Any CPU
		{A66A1A42-B7BF-49A6-B396-5B7E0594E2B4}.Debug|Any CPU.Build.0 = Debug|Any CPU
		{A66A1A42-B7BF-49A6-B396-5B7E0594E2B4}.Release|Any CPU.ActiveCfg = Release|Any CPU
		{A66A1A42-B7BF-49A6-B396-5B7E0594E2B4}.Release|Any CPU.Build.0 = Release|Any CPU
	EndGlobalSection
	GlobalSection(SolutionProperties) = preSolution
		HideSolutionNode = FALSE
	EndGlobalSection
EndGlobal
