
Microsoft Visual Studio Solution File, Format Version 12.00
# Visual Studio 2012
Project("{FAE04EC0-301F-11D3-BF4B-00C04F79EFBC}") = "01. Kitchen", "01. Kitchen\01. Kitchen.csproj", "{5EB42A90-3ADD-4D28-93D6-861F81AA7BD1}"
EndProject
Project("{FAE04EC0-301F-11D3-BF4B-00C04F79EFBC}") = "01. KitchenDemo", "01. KitchenDemo\01. KitchenDemo.csproj", "{3F4455FB-BB03-4347-ADB6-C77B6F967D7D}"
EndProject
Project("{FAE04EC0-301F-11D3-BF4B-00C04F79EFBC}") = "03. ForLoopRefactoring", "03. ForLoopRefactoring\03. ForLoopRefactoring.csproj", "{A5D9897D-6E58-42B6-85FB-2DC0B4C08D9A}"
EndProject
Global
	GlobalSection(SolutionConfigurationPlatforms) = preSolution
		Debug|Any CPU = Debug|Any CPU
		Release|Any CPU = Release|Any CPU
	EndGlobalSection
	GlobalSection(ProjectConfigurationPlatforms) = postSolution
		{5EB42A90-3ADD-4D28-93D6-861F81AA7BD1}.Debug|Any CPU.ActiveCfg = Debug|Any CPU
		{5EB42A90-3ADD-4D28-93D6-861F81AA7BD1}.Debug|Any CPU.Build.0 = Debug|Any CPU
		{5EB42A90-3ADD-4D28-93D6-861F81AA7BD1}.Release|Any CPU.ActiveCfg = Release|Any CPU
		{5EB42A90-3ADD-4D28-93D6-861F81AA7BD1}.Release|Any CPU.Build.0 = Release|Any CPU
		{3F4455FB-BB03-4347-ADB6-C77B6F967D7D}.Debug|Any CPU.ActiveCfg = Debug|Any CPU
		{3F4455FB-BB03-4347-ADB6-C77B6F967D7D}.Debug|Any CPU.Build.0 = Debug|Any CPU
		{3F4455FB-BB03-4347-ADB6-C77B6F967D7D}.Release|Any CPU.ActiveCfg = Release|Any CPU
		{3F4455FB-BB03-4347-ADB6-C77B6F967D7D}.Release|Any CPU.Build.0 = Release|Any CPU
		{A5D9897D-6E58-42B6-85FB-2DC0B4C08D9A}.Debug|Any CPU.ActiveCfg = Debug|Any CPU
		{A5D9897D-6E58-42B6-85FB-2DC0B4C08D9A}.Debug|Any CPU.Build.0 = Debug|Any CPU
		{A5D9897D-6E58-42B6-85FB-2DC0B4C08D9A}.Release|Any CPU.ActiveCfg = Release|Any CPU
		{A5D9897D-6E58-42B6-85FB-2DC0B4C08D9A}.Release|Any CPU.Build.0 = Release|Any CPU
	EndGlobalSection
	GlobalSection(SolutionProperties) = preSolution
		HideSolutionNode = FALSE
	EndGlobalSection
EndGlobal
